// !$*UTF8*$!
{
	archiveVersion = 1;
	classes = {
	};
	objectVersion = 50;
	objects = {

/* Begin PBXBuildFile section */
		183555A92262D03F00D76721 /* AppDelegate.swift in Sources */ = {isa = PBXBuildFile; fileRef = 183555A82262D03F00D76721 /* AppDelegate.swift */; };
		183555AB2262D03F00D76721 /* ViewController.swift in Sources */ = {isa = PBXBuildFile; fileRef = 183555AA2262D03F00D76721 /* ViewController.swift */; };
		183555AE2262D03F00D76721 /* Main.storyboard in Resources */ = {isa = PBXBuildFile; fileRef = 183555AC2262D03F00D76721 /* Main.storyboard */; };
		183555B02262D04000D76721 /* Assets.xcassets in Resources */ = {isa = PBXBuildFile; fileRef = 183555AF2262D04000D76721 /* Assets.xcassets */; };
		183555B32262D04000D76721 /* LaunchScreen.storyboard in Resources */ = {isa = PBXBuildFile; fileRef = 183555B12262D04000D76721 /* LaunchScreen.storyboard */; };
		183555BE2262D04000D76721 /* ScrollViewTests.swift in Sources */ = {isa = PBXBuildFile; fileRef = 183555BD2262D04000D76721 /* ScrollViewTests.swift */; };
		183555C92262D04000D76721 /* ScrollViewUITests.swift in Sources */ = {isa = PBXBuildFile; fileRef = 183555C82262D04000D76721 /* ScrollViewUITests.swift */; };
/* End PBXBuildFile section */

/* Begin PBXContainerItemProxy section */
		183555BA2262D04000D76721 /* PBXContainerItemProxy */ = {
			isa = PBXContainerItemProxy;
			containerPortal = 1835559D2262D03F00D76721 /* Project object */;
			proxyType = 1;
			remoteGlobalIDString = 183555A42262D03F00D76721;
			remoteInfo = ScrollView;
		};
		183555C52262D04000D76721 /* PBXContainerItemProxy */ = {
			isa = PBXContainerItemProxy;
			containerPortal = 1835559D2262D03F00D76721 /* Project object */;
			proxyType = 1;
			remoteGlobalIDString = 183555A42262D03F00D76721;
			remoteInfo = ScrollView;
		};
/* End PBXContainerItemProxy section */

/* Begin PBXFileReference section */
		183555A52262D03F00D76721 /* ScrollView.app */ = {isa = PBXFileReference; explicitFileType = wrapper.application; includeInIndex = 0; path = ScrollView.app; sourceTree = BUILT_PRODUCTS_DIR; };
		183555A82262D03F00D76721 /* AppDelegate.swift */ = {isa = PBXFileReference; lastKnownFileType = sourcecode.swift; path = AppDelegate.swift; sourceTree = "<group>"; };
		183555AA2262D03F00D76721 /* ViewController.swift */ = {isa = PBXFileReference; lastKnownFileType = sourcecode.swift; path = ViewController.swift; sourceTree = "<group>"; };
		183555AD2262D03F00D76721 /* Base */ = {isa = PBXFileReference; lastKnownFileType = file.storyboard; name = Base; path = Base.lproj/Main.storyboard; sourceTree = "<group>"; };
		183555AF2262D04000D76721 /* Assets.xcassets */ = {isa = PBXFileReference; lastKnownFileType = folder.assetcatalog; path = Assets.xcassets; sourceTree = "<group>"; };
		183555B22262D04000D76721 /* Base */ = {isa = PBXFileReference; lastKnownFileType = file.storyboard; name = Base; path = Base.lproj/LaunchScreen.storyboard; sourceTree = "<group>"; };
		183555B42262D04000D76721 /* Info.plist */ = {isa = PBXFileReference; lastKnownFileType = text.plist.xml; path = Info.plist; sourceTree = "<group>"; };
		183555B92262D04000D76721 /* ScrollViewTests.xctest */ = {isa = PBXFileReference; explicitFileType = wrapper.cfbundle; includeInIndex = 0; path = ScrollViewTests.xctest; sourceTree = BUILT_PRODUCTS_DIR; };
		183555BD2262D04000D76721 /* ScrollViewTests.swift */ = {isa = PBXFileReference; lastKnownFileType = sourcecode.swift; path = ScrollViewTests.swift; sourceTree = "<group>"; };
		183555BF2262D04000D76721 /* Info.plist */ = {isa = PBXFileReference; lastKnownFileType = text.plist.xml; path = Info.plist; sourceTree = "<group>"; };
		183555C42262D04000D76721 /* ScrollViewUITests.xctest */ = {isa = PBXFileReference; explicitFileType = wrapper.cfbundle; includeInIndex = 0; path = ScrollViewUITests.xctest; sourceTree = BUILT_PRODUCTS_DIR; };
		183555C82262D04000D76721 /* ScrollViewUITests.swift */ = {isa = PBXFileReference; lastKnownFileType = sourcecode.swift; path = ScrollViewUITests.swift; sourceTree = "<group>"; };
		183555CA2262D04000D76721 /* Info.plist */ = {isa = PBXFileReference; lastKnownFileType = text.plist.xml; path = Info.plist; sourceTree = "<group>"; };
/* End PBXFileReference section */

/* Begin PBXFrameworksBuildPhase section */
		183555A22262D03F00D76721 /* Frameworks */ = {
			isa = PBXFrameworksBuildPhase;
			buildActionMask = 2147483647;
			files = (
			);
			runOnlyForDeploymentPostprocessing = 0;
		};
		183555B62262D04000D76721 /* Frameworks */ = {
			isa = PBXFrameworksBuildPhase;
			buildActionMask = 2147483647;
			files = (
			);
			runOnlyForDeploymentPostprocessing = 0;
		};
		183555C12262D04000D76721 /* Frameworks */ = {
			isa = PBXFrameworksBuildPhase;
			buildActionMask = 2147483647;
			files = (
			);
			runOnlyForDeploymentPostprocessing = 0;
		};
/* End PBXFrameworksBuildPhase section */

/* Begin PBXGroup section */
		1835559C2262D03F00D76721 = {
			isa = PBXGroup;
			children = (
				183555A72262D03F00D76721 /* ScrollView */,
				183555BC2262D04000D76721 /* ScrollViewTests */,
				183555C72262D04000D76721 /* ScrollViewUITests */,
				183555A62262D03F00D76721 /* Products */,
			);
			sourceTree = "<group>";
		};
		183555A62262D03F00D76721 /* Products */ = {
			isa = PBXGroup;
			children = (
				183555A52262D03F00D76721 /* ScrollView.app */,
				183555B92262D04000D76721 /* ScrollViewTests.xctest */,
				183555C42262D04000D76721 /* ScrollViewUITests.xctest */,
			);
			name = Products;
			sourceTree = "<group>";
		};
		183555A72262D03F00D76721 /* ScrollView */ = {
			isa = PBXGroup;
			children = (
				183555A82262D03F00D76721 /* AppDelegate.swift */,
				183555AA2262D03F00D76721 /* ViewController.swift */,
				183555AC2262D03F00D76721 /* Main.storyboard */,
				183555AF2262D04000D76721 /* Assets.xcassets */,
				183555B12262D04000D76721 /* LaunchScreen.storyboard */,
				183555B42262D04000D76721 /* Info.plist */,
			);
			path = ScrollView;
			sourceTree = "<group>";
		};
		183555BC2262D04000D76721 /* ScrollViewTests */ = {
			isa = PBXGroup;
			children = (
				183555BD2262D04000D76721 /* ScrollViewTests.swift */,
				183555BF2262D04000D76721 /* Info.plist */,
			);
			path = ScrollViewTests;
			sourceTree = "<group>";
		};
		183555C72262D04000D76721 /* ScrollViewUITests */ = {
			isa = PBXGroup;
			children = (
				183555C82262D04000D76721 /* ScrollViewUITests.swift */,
				183555CA2262D04000D76721 /* Info.plist */,
			);
			path = ScrollViewUITests;
			sourceTree = "<group>";
		};
/* End PBXGroup section */

/* Begin PBXNativeTarget section */
		183555A42262D03F00D76721 /* ScrollView */ = {
			isa = PBXNativeTarget;
			buildConfigurationList = 183555CD2262D04000D76721 /* Build configuration list for PBXNativeTarget "ScrollView" */;
			buildPhases = (
				183555A12262D03F00D76721 /* Sources */,
				183555A22262D03F00D76721 /* Frameworks */,
				183555A32262D03F00D76721 /* Resources */,
			);
			buildRules = (
			);
			dependencies = (
			);
			name = ScrollView;
			productName = ScrollView;
			productReference = 183555A52262D03F00D76721 /* ScrollView.app */;
			productType = "com.apple.product-type.application";
		};
		183555B82262D04000D76721 /* ScrollViewTests */ = {
			isa = PBXNativeTarget;
			buildConfigurationList = 183555D02262D04000D76721 /* Build configuration list for PBXNativeTarget "ScrollViewTests" */;
			buildPhases = (
				183555B52262D04000D76721 /* Sources */,
				183555B62262D04000D76721 /* Frameworks */,
				183555B72262D04000D76721 /* Resources */,
			);
			buildRules = (
			);
			dependencies = (
				183555BB2262D04000D76721 /* PBXTargetDependency */,
			);
			name = ScrollViewTests;
			productName = ScrollViewTests;
			productReference = 183555B92262D04000D76721 /* ScrollViewTests.xctest */;
			productType = "com.apple.product-type.bundle.unit-test";
		};
		183555C32262D04000D76721 /* ScrollViewUITests */ = {
			isa = PBXNativeTarget;
			buildConfigurationList = 183555D32262D04000D76721 /* Build configuration list for PBXNativeTarget "ScrollViewUITests" */;
			buildPhases = (
				183555C02262D04000D76721 /* Sources */,
				183555C12262D04000D76721 /* Frameworks */,
				183555C22262D04000D76721 /* Resources */,
			);
			buildRules = (
			);
			dependencies = (
				183555C62262D04000D76721 /* PBXTargetDependency */,
			);
			name = ScrollViewUITests;
			productName = ScrollViewUITests;
			productReference = 183555C42262D04000D76721 /* ScrollViewUITests.xctest */;
			productType = "com.apple.product-type.bundle.ui-testing";
		};
/* End PBXNativeTarget section */

/* Begin PBXProject section */
		1835559D2262D03F00D76721 /* Project object */ = {
			isa = PBXProject;
			attributes = {
				LastSwiftUpdateCheck = 1020;
				LastUpgradeCheck = 1020;
				ORGANIZATIONNAME = Apple;
				TargetAttributes = {
					183555A42262D03F00D76721 = {
						CreatedOnToolsVersion = 10.2;
					};
					183555B82262D04000D76721 = {
						CreatedOnToolsVersion = 10.2;
						TestTargetID = 183555A42262D03F00D76721;
					};
					183555C32262D04000D76721 = {
						CreatedOnToolsVersion = 10.2;
						TestTargetID = 183555A42262D03F00D76721;
					};
				};
			};
			buildConfigurationList = 183555A02262D03F00D76721 /* Build configuration list for PBXProject "ScrollView" */;
			compatibilityVersion = "Xcode 9.3";
			developmentRegion = en;
			hasScannedForEncodings = 0;
			knownRegions = (
				en,
				Base,
			);
			mainGroup = 1835559C2262D03F00D76721;
			productRefGroup = 183555A62262D03F00D76721 /* Products */;
			projectDirPath = "";
			projectRoot = "";
			targets = (
				183555A42262D03F00D76721 /* ScrollView */,
				183555B82262D04000D76721 /* ScrollViewTests */,
				183555C32262D04000D76721 /* ScrollViewUITests */,
			);
		};
/* End PBXProject section */

/* Begin PBXResourcesBuildPhase section */
		183555A32262D03F00D76721 /* Resources */ = {
			isa = PBXResourcesBuildPhase;
			buildActionMask = 2147483647;
			files = (
				183555B32262D04000D76721 /* LaunchScreen.storyboard in Resources */,
				183555B02262D04000D76721 /* Assets.xcassets in Resources */,
				183555AE2262D03F00D76721 /* Main.storyboard in Resources */,
			);
			runOnlyForDeploymentPostprocessing = 0;
		};
		183555B72262D04000D76721 /* Resources */ = {
			isa = PBXResourcesBuildPhase;
			buildActionMask = 2147483647;
			files = (
			);
			runOnlyForDeploymentPostprocessing = 0;
		};
		183555C22262D04000D76721 /* Resources */ = {
			isa = PBXResourcesBuildPhase;
			buildActionMask = 2147483647;
			files = (
			);
			runOnlyForDeploymentPostprocessing = 0;
		};
/* End PBXResourcesBuildPhase section */

/* Begin PBXSourcesBuildPhase section */
		183555A12262D03F00D76721 /* Sources */ = {
			isa = PBXSourcesBuildPhase;
			buildActionMask = 2147483647;
			files = (
				183555AB2262D03F00D76721 /* ViewController.swift in Sources */,
				183555A92262D03F00D76721 /* AppDelegate.swift in Sources */,
			);
			runOnlyForDeploymentPostprocessing = 0;
		};
		183555B52262D04000D76721 /* Sources */ = {
			isa = PBXSourcesBuildPhase;
			buildActionMask = 2147483647;
			files = (
				183555BE2262D04000D76721 /* ScrollViewTests.swift in Sources */,
			);
			runOnlyForDeploymentPostprocessing = 0;
		};
		183555C02262D04000D76721 /* Sources */ = {
			isa = PBXSourcesBuildPhase;
			buildActionMask = 2147483647;
			files = (
				183555C92262D04000D76721 /* ScrollViewUITests.swift in Sources */,
			);
			runOnlyForDeploymentPostprocessing = 0;
		};
/* End PBXSourcesBuildPhase section */

/* Begin PBXTargetDependency section */
		183555BB2262D04000D76721 /* PBXTargetDependency */ = {
			isa = PBXTargetDependency;
			target = 183555A42262D03F00D76721 /* ScrollView */;
			targetProxy = 183555BA2262D04000D76721 /* PBXContainerItemProxy */;
		};
		183555C62262D04000D76721 /* PBXTargetDependency */ = {
			isa = PBXTargetDependency;
			target = 183555A42262D03F00D76721 /* ScrollView */;
			targetProxy = 183555C52262D04000D76721 /* PBXContainerItemProxy */;
		};
/* End PBXTargetDependency section */

/* Begin PBXVariantGroup section */
		183555AC2262D03F00D76721 /* Main.storyboard */ = {
			isa = PBXVariantGroup;
			children = (
				183555AD2262D03F00D76721 /* Base */,
			);
			name = Main.storyboard;
			sourceTree = "<group>";
		};
		183555B12262D04000D76721 /* LaunchScreen.storyboard */ = {
			isa = PBXVariantGroup;
			children = (
				183555B22262D04000D76721 /* Base */,
			);
			name = LaunchScreen.storyboard;
			sourceTree = "<group>";
		};
/* End PBXVariantGroup section */

/* Begin XCBuildConfiguration section */
		183555CB2262D04000D76721 /* Debug */ = {
			isa = XCBuildConfiguration;
			buildSettings = {
				ALWAYS_SEARCH_USER_PATHS = NO;
				CLANG_ANALYZER_NONNULL = YES;
				CLANG_ANALYZER_NUMBER_OBJECT_CONVERSION = YES_AGGRESSIVE;
				CLANG_CXX_LANGUAGE_STANDARD = "gnu++14";
				CLANG_CXX_LIBRARY = "libc++";
				CLANG_ENABLE_MODULES = YES;
				CLANG_ENABLE_OBJC_ARC = YES;
				CLANG_ENABLE_OBJC_WEAK = YES;
				CLANG_WARN_BLOCK_CAPTURE_AUTORELEASING = YES;
				CLANG_WARN_BOOL_CONVERSION = YES;
				CLANG_WARN_COMMA = YES;
				CLANG_WARN_CONSTANT_CONVERSION = YES;
				CLANG_WARN_DEPRECATED_OBJC_IMPLEMENTATIONS = YES;
				CLANG_WARN_DIRECT_OBJC_ISA_USAGE = YES_ERROR;
				CLANG_WARN_DOCUMENTATION_COMMENTS = YES;
				CLANG_WARN_EMPTY_BODY = YES;
				CLANG_WARN_ENUM_CONVERSION = YES;
				CLANG_WARN_INFINITE_RECURSION = YES;
				CLANG_WARN_INT_CONVERSION = YES;
				CLANG_WARN_NON_LITERAL_NULL_CONVERSION = YES;
				CLANG_WARN_OBJC_IMPLICIT_RETAIN_SELF = YES;
				CLANG_WARN_OBJC_LITERAL_CONVERSION = YES;
				CLANG_WARN_OBJC_ROOT_CLASS = YES_ERROR;
				CLANG_WARN_RANGE_LOOP_ANALYSIS = YES;
				CLANG_WARN_STRICT_PROTOTYPES = YES;
				CLANG_WARN_SUSPICIOUS_MOVE = YES;
				CLANG_WARN_UNGUARDED_AVAILABILITY = YES_AGGRESSIVE;
				CLANG_WARN_UNREACHABLE_CODE = YES;
				CLANG_WARN__DUPLICATE_METHOD_MATCH = YES;
				CODE_SIGN_IDENTITY = "iPhone Developer";
				COPY_PHASE_STRIP = NO;
				DEBUG_INFORMATION_FORMAT = dwarf;
				ENABLE_STRICT_OBJC_MSGSEND = YES;
				ENABLE_TESTABILITY = YES;
				GCC_C_LANGUAGE_STANDARD = gnu11;
				GCC_DYNAMIC_NO_PIC = NO;
				GCC_NO_COMMON_BLOCKS = YES;
				GCC_OPTIMIZATION_LEVEL = 0;
				GCC_PREPROCESSOR_DEFINITIONS = (
					"DEBUG=1",
					"$(inherited)",
				);
				GCC_WARN_64_TO_32_BIT_CONVERSION = YES;
				GCC_WARN_ABOUT_RETURN_TYPE = YES_ERROR;
				GCC_WARN_UNDECLARED_SELECTOR = YES;
				GCC_WARN_UNINITIALIZED_AUTOS = YES_AGGRESSIVE;
				GCC_WARN_UNUSED_FUNCTION = YES;
				GCC_WARN_UNUSED_VARIABLE = YES;
				IPHONEOS_DEPLOYMENT_TARGET = 12.2;
				MTL_ENABLE_DEBUG_INFO = INCLUDE_SOURCE;
				MTL_FAST_MATH = YES;
				ONLY_ACTIVE_ARCH = YES;
				SDKROOT = iphoneos;
				SWIFT_ACTIVE_COMPILATION_CONDITIONS = DEBUG;
				SWIFT_OPTIMIZATION_LEVEL = "-Onone";
			};
			name = Debug;
		};
		183555CC2262D04000D76721 /* Release */ = {
			isa = XCBuildConfiguration;
			buildSettings = {
				ALWAYS_SEARCH_USER_PATHS = NO;
				CLANG_ANALYZER_NONNULL = YES;
				CLANG_ANALYZER_NUMBER_OBJECT_CONVERSION = YES_AGGRESSIVE;
				CLANG_CXX_LANGUAGE_STANDARD = "gnu++14";
				CLANG_CXX_LIBRARY = "libc++";
				CLANG_ENABLE_MODULES = YES;
				CLANG_ENABLE_OBJC_ARC = YES;
				CLANG_ENABLE_OBJC_WEAK = YES;
				CLANG_WARN_BLOCK_CAPTURE_AUTORELEASING = YES;
				CLANG_WARN_BOOL_CONVERSION = YES;
				CLANG_WARN_COMMA = YES;
				CLANG_WARN_CONSTANT_CONVERSION = YES;
				CLANG_WARN_DEPRECATED_OBJC_IMPLEMENTATIONS = YES;
				CLANG_WARN_DIRECT_OBJC_ISA_USAGE = YES_ERROR;
				CLANG_WARN_DOCUMENTATION_COMMENTS = YES;
				CLANG_WARN_EMPTY_BODY = YES;
				CLANG_WARN_ENUM_CONVERSION = YES;
				CLANG_WARN_INFINITE_RECURSION = YES;
				CLANG_WARN_INT_CONVERSION = YES;
				CLANG_WARN_NON_LITERAL_NULL_CONVERSION = YES;
				CLANG_WARN_OBJC_IMPLICIT_RETAIN_SELF = YES;
				CLANG_WARN_OBJC_LITERAL_CONVERSION = YES;
				CLANG_WARN_OBJC_ROOT_CLASS = YES_ERROR;
				CLANG_WARN_RANGE_LOOP_ANALYSIS = YES;
				CLANG_WARN_STRICT_PROTOTYPES = YES;
				CLANG_WARN_SUSPICIOUS_MOVE = YES;
				CLANG_WARN_UNGUARDED_AVAILABILITY = YES_AGGRESSIVE;
				CLANG_WARN_UNREACHABLE_CODE = YES;
				CLANG_WARN__DUPLICATE_METHOD_MATCH = YES;
				CODE_SIGN_IDENTITY = "iPhone Developer";
				COPY_PHASE_STRIP = NO;
				DEBUG_INFORMATION_FORMAT = "dwarf-with-dsym";
				ENABLE_NS_ASSERTIONS = NO;
				ENABLE_STRICT_OBJC_MSGSEND = YES;
				GCC_C_LANGUAGE_STANDARD = gnu11;
				GCC_NO_COMMON_BLOCKS = YES;
				GCC_WARN_64_TO_32_BIT_CONVERSION = YES;
				GCC_WARN_ABOUT_RETURN_TYPE = YES_ERROR;
				GCC_WARN_UNDECLARED_SELECTOR = YES;
				GCC_WARN_UNINITIALIZED_AUTOS = YES_AGGRESSIVE;
				GCC_WARN_UNUSED_FUNCTION = YES;
				GCC_WARN_UNUSED_VARIABLE = YES;
				IPHONEOS_DEPLOYMENT_TARGET = 12.2;
				MTL_ENABLE_DEBUG_INFO = NO;
				MTL_FAST_MATH = YES;
				SDKROOT = iphoneos;
				SWIFT_COMPILATION_MODE = wholemodule;
				SWIFT_OPTIMIZATION_LEVEL = "-O";
				VALIDATE_PRODUCT = YES;
			};
			name = Release;
		};
		183555CE2262D04000D76721 /* Debug */ = {
			isa = XCBuildConfiguration;
			buildSettings = {
				ASSETCATALOG_COMPILER_APPICON_NAME = AppIcon;
				CODE_SIGN_STYLE = Automatic;
				DEVELOPMENT_TEAM = 7Y98N3J8NH;
				INFOPLIST_FILE = ScrollView/Info.plist;
				LD_RUNPATH_SEARCH_PATHS = (
					"$(inherited)",
					"@executable_path/Frameworks",
				);
				PRODUCT_BUNDLE_IDENTIFIER = com.0608couple.ScrollView;
				PRODUCT_NAME = "$(TARGET_NAME)";
				SWIFT_VERSION = 5.0;
				TARGETED_DEVICE_FAMILY = "1,2";
			};
			name = Debug;
		};
		183555CF2262D04000D76721 /* Release */ = {
			isa = XCBuildConfiguration;
			buildSettings = {
				ASSETCATALOG_COMPILER_APPICON_NAME = AppIcon;
				CODE_SIGN_STYLE = Automatic;
				DEVELOPMENT_TEAM = 7Y98N3J8NH;
				INFOPLIST_FILE = ScrollView/Info.plist;
				LD_RUNPATH_SEARCH_PATHS = (
					"$(inherited)",
					"@executable_path/Frameworks",
				);
				PRODUCT_BUNDLE_IDENTIFIER = com.0608couple.ScrollView;
				PRODUCT_NAME = "$(TARGET_NAME)";
				SWIFT_VERSION = 5.0;
				TARGETED_DEVICE_FAMILY = "1,2";
			};
			name = Release;
		};
		183555D12262D04000D76721 /* Debug */ = {
			isa = XCBuildConfiguration;
			buildSettings = {
				ALWAYS_EMBED_SWIFT_STANDARD_LIBRARIES = YES;
				BUNDLE_LOADER = "$(TEST_HOST)";
				CODE_SIGN_STYLE = Automatic;
				DEVELOPMENT_TEAM = 7Y98N3J8NH;
				INFOPLIST_FILE = ScrollViewTests/Info.plist;
				LD_RUNPATH_SEARCH_PATHS = (
					"$(inherited)",
					"@executable_path/Frameworks",
					"@loader_path/Frameworks",
				);
				PRODUCT_BUNDLE_IDENTIFIER = com.0608couple.ScrollViewTests;
				PRODUCT_NAME = "$(TARGET_NAME)";
				SWIFT_VERSION = 5.0;
				TARGETED_DEVICE_FAMILY = "1,2";
				TEST_HOST = "$(BUILT_PRODUCTS_DIR)/ScrollView.app/ScrollView";
			};
			name = Debug;
		};
		183555D22262D04000D76721 /* Release */ = {
			isa = XCBuildConfiguration;
			buildSettings = {
				ALWAYS_EMBED_SWIFT_STANDARD_LIBRARIES = YES;
				BUNDLE_LOADER = "$(TEST_HOST)";
				CODE_SIGN_STYLE = Automatic;
				DEVELOPMENT_TEAM = 7Y98N3J8NH;
				INFOPLIST_FILE = ScrollViewTests/Info.plist;
				LD_RUNPATH_SEARCH_PATHS = (
					"$(inherited)",
					"@executable_path/Frameworks",
					"@loader_path/Frameworks",
				);
				PRODUCT_BUNDLE_IDENTIFIER = com.0608couple.ScrollViewTests;
				PRODUCT_NAME = "$(TARGET_NAME)";
				SWIFT_VERSION = 5.0;
				TARGETED_DEVICE_FAMILY = "1,2";
				TEST_HOST = "$(BUILT_PRODUCTS_DIR)/ScrollView.app/ScrollView";
			};
			name = Release;
		};
		183555D42262D04000D76721 /* Debug */ = {
			isa = XCBuildConfiguration;
			buildSettings = {
				ALWAYS_EMBED_SWIFT_STANDARD_LIBRARIES = YES;
				CODE_SIGN_STYLE = Automatic;
				DEVELOPMENT_TEAM = 7Y98N3J8NH;
				INFOPLIST_FILE = ScrollViewUITests/Info.plist;
				LD_RUNPATH_SEARCH_PATHS = (
					"$(inherited)",
					"@executable_path/Frameworks",
					"@loader_path/Frameworks",
				);
				PRODUCT_BUNDLE_IDENTIFIER = com.0608couple.ScrollViewUITests;
				PRODUCT_NAME = "$(TARGET_NAME)";
				SWIFT_VERSION = 5.0;
				TARGETED_DEVICE_FAMILY = "1,2";
				TEST_TARGET_NAME = ScrollView;
			};
			name = Debug;
		};
		183555D52262D04000D76721 /* Release */ = {
			isa = XCBuildConfiguration;
			buildSettings = {
				ALWAYS_EMBED_SWIFT_STANDARD_LIBRARIES = YES;
				CODE_SIGN_STYLE = Automatic;
				DEVELOPMENT_TEAM = 7Y98N3J8NH;
				INFOPLIST_FILE = ScrollViewUITests/Info.plist;
				LD_RUNPATH_SEARCH_PATHS = (
					"$(inherited)",
					"@executable_path/Frameworks",
					"@loader_path/Frameworks",
				);
				PRODUCT_BUNDLE_IDENTIFIER = com.0608couple.ScrollViewUITests;
				PRODUCT_NAME = "$(TARGET_NAME)";
				SWIFT_VERSION = 5.0;
				TARGETED_DEVICE_FAMILY = "1,2";
				TEST_TARGET_NAME = ScrollView;
			};
			name = Release;
		};
/* End XCBuildConfiguration section */

/* Begin XCConfigurationList section */
		183555A02262D03F00D76721 /* Build configuration list for PBXProject "ScrollView" */ = {
			isa = XCConfigurationList;
			buildConfigurations = (
				183555CB2262D04000D76721 /* Debug */,
				183555CC2262D04000D76721 /* Release */,
			);
			defaultConfigurationIsVisible = 0;
			defaultConfigurationName = Release;
		};
		183555CD2262D04000D76721 /* Build configuration list for PBXNativeTarget "ScrollView" */ = {
			isa = XCConfigurationList;
			buildConfigurations = (
				183555CE2262D04000D76721 /* Debug */,
				183555CF2262D04000D76721 /* Release */,
			);
			defaultConfigurationIsVisible = 0;
			defaultConfigurationName = Release;
		};
		183555D02262D04000D76721 /* Build configuration list for PBXNativeTarget "ScrollViewTests" */ = {
			isa = XCConfigurationList;
			buildConfigurations = (
				183555D12262D04000D76721 /* Debug */,
				183555D22262D04000D76721 /* Release */,
			);
			defaultConfigurationIsVisible = 0;
			defaultConfigurationName = Release;
		};
		183555D32262D04000D76721 /* Build configuration list for PBXNativeTarget "ScrollViewUITests" */ = {
			isa = XCConfigurationList;
			buildConfigurations = (
				183555D42262D04000D76721 /* Debug */,
				183555D52262D04000D76721 /* Release */,
			);
			defaultConfigurationIsVisible = 0;
			defaultConfigurationName = Release;
		};
/* End XCConfigurationList section */
	};
	rootObject = 1835559D2262D03F00D76721 /* Project object */;
}
